{
  "name": "offender-categorisation",
  "version": "0.0.1",
  "lockfileVersion": 1,
  "requires": true,
  "dependencies": {
    "@joi/date": {
      "version": "2.1.0",
      "resolved": "https://registry.npmjs.org/@joi/date/-/date-2.1.0.tgz",
      "integrity": "sha512-2zN5m0LgxZp/cynHGbzEImVmFIa+n+IOb/Nlw5LX/PLJneeCwG1NbiGw7MvPjsAKUGQK8z31Nn6V6lEN+4fZhg==",
      "requires": {
        "moment": "2.x.x"
      },
      "dependencies": {
        "moment": {
          "version": "2.29.4",
          "resolved": "https://registry.npmjs.org/moment/-/moment-2.29.4.tgz",
          "integrity": "sha512-5LC9SOxjSc2HF6vO2CyuTDNivEdoz2IvyJJGj6X8DJ0eFyfszE0QiEd+iXmBvUP3WHxSjFH/vIsA0EN00cgr8w=="
        }
      }
    }
  }
}
